
Microsoft Visual Studio Solution File, Format Version 12.00
# Visual Studio Version 17
VisualStudioVersion = 17.14.36518.9
MinimumVisualStudioVersion = 10.0.40219.1
Project("{FAE04EC0-301F-11D3-BF4B-00C04F79EFBC}") = "Salon Management System", "Salon Management System\Salon Management System.csproj", "{7270C3D1-22FB-40D3-AB39-CB00928F9321}"
EndProject
Global
	GlobalSection(SolutionConfigurationPlatforms) = preSolution
		Debug|Any CPU = Debug|Any CPU
		Release|Any CPU = Release|Any CPU
	EndGlobalSection
	GlobalSection(ProjectConfigurationPlatforms) = postSolution
		{7270C3D1-22FB-40D3-AB39-CB00928F9321}.Debug|Any CPU.ActiveCfg = Debug|Any CPU
		{7270C3D1-22FB-40D3-AB39-CB00928F9321}.Debug|Any CPU.Build.0 = Debug|Any CPU
		{7270C3D1-22FB-40D3-AB39-CB00928F9321}.Release|Any CPU.ActiveCfg = Release|Any CPU
		{7270C3D1-22FB-40D3-AB39-CB00928F9321}.Release|Any CPU.Build.0 = Release|Any CPU
	EndGlobalSection
	GlobalSection(SolutionProperties) = preSolution
		HideSolutionNode = FALSE
	EndGlobalSection
	GlobalSection(ExtensibilityGlobals) = postSolution
		SolutionGuid = {EBEED98D-680A-4ACD-B5C4-B5398586381A}
	EndGlobalSection
EndGlobal
